# THIS IS AN AUTOGENERATED FILE. DO NOT EDIT THIS FILE DIRECTLY.
# yarn lockfile v1


"@abp/aspnetcore.mvc.ui.theme.leptonxlite@~4.0.5":
  version "4.0.7"
  resolved "https://registry.yarnpkg.com/@abp/aspnetcore.mvc.ui.theme.leptonxlite/-/aspnetcore.mvc.ui.theme.leptonxlite-4.0.7.tgz#18d20b2e9f5d456bd0d0aa8e16be97a5fcfbea62"
  integrity sha512-LJwMH5Xh5eSU8TW3Gos4tCSbk4NnEo7JjV0rIUvma+GC1xS5l7ox0icuITn0GydZ+nudm8KmIEM+xYa3rWKk1g==
  dependencies:
    "@abp/aspnetcore.mvc.ui.theme.shared" "~9.0.6"

"@abp/aspnetcore.mvc.ui.theme.shared@~9.0.6":
  version "9.0.6"
  resolved "https://registry.yarnpkg.com/@abp/aspnetcore.mvc.ui.theme.shared/-/aspnetcore.mvc.ui.theme.shared-9.0.6.tgz#52b25f8a606a0ae1aea3e44dc3756c63bf60beb2"
  integrity sha512-JMtuos5WoYtNaBoE3rbZb1qcGrZfVoCJ5Z7zYigAcmqJ8/unEvGLLaiX2LuC6fKRG42So7gGHgHWo5IvY5y7/A==
  dependencies:
    "@abp/aspnetcore.mvc.ui" "~9.0.6"
    "@abp/bootstrap" "~9.0.6"
    "@abp/bootstrap-datepicker" "~9.0.6"
    "@abp/bootstrap-daterangepicker" "~9.0.6"
    "@abp/datatables.net-bs5" "~9.0.6"
    "@abp/font-awesome" "~9.0.6"
    "@abp/jquery-form" "~9.0.6"
    "@abp/jquery-validation-unobtrusive" "~9.0.6"
    "@abp/lodash" "~9.0.6"
    "@abp/luxon" "~9.0.6"
    "@abp/malihu-custom-scrollbar-plugin" "~9.0.6"
    "@abp/moment" "~9.0.6"
    "@abp/select2" "~9.0.6"
    "@abp/sweetalert2" "~9.0.6"
    "@abp/timeago" "~9.0.6"
    "@abp/toastr" "~9.0.6"

"@abp/aspnetcore.mvc.ui@~9.0.6":
  version "9.0.6"
  resolved "https://registry.yarnpkg.com/@abp/aspnetcore.mvc.ui/-/aspnetcore.mvc.ui-9.0.6.tgz#64af51c590bebc47fd214333f32f0e92b1980d56"
  integrity sha512-0pRe9eWo7FAuCInRso2DJ62a3t6osM4V0rzKDHV9KF+n2xvw4hZeZ73nu8CLAgUc3ctyTP2xbWo1jCHvCb4mGA==
  dependencies:
    ansi-colors "^4.1.3"

"@abp/bootstrap-datepicker@~9.0.6":
  version "9.0.6"
  resolved "https://registry.yarnpkg.com/@abp/bootstrap-datepicker/-/bootstrap-datepicker-9.0.6.tgz#dd77345b44c6dcd355c5f30ae8119186fecf29ff"
  integrity sha512-32CVTZ/HNRHvoIizLaWYjRmQ6Mjczs1gwviKgWqJrZ45VbaG+U7EPDV7NeiFhgua6sFKBnbEkpAWmODHeDzIWA==
  dependencies:
    bootstrap-datepicker "^1.10.0"

"@abp/bootstrap-daterangepicker@~9.0.6":
  version "9.0.6"
  resolved "https://registry.yarnpkg.com/@abp/bootstrap-daterangepicker/-/bootstrap-daterangepicker-9.0.6.tgz#c06e2ccae58c40f176ca336ca02743d13f4b5b91"
  integrity sha512-hj9AqMfl23Bdybj7EA212MEerT5h1scfVNrg5HVNQPGVPZIryYiDYuZNdWuV8ohcX/gtpyZGXCLDTd4Wdp432A==
  dependencies:
    bootstrap-daterangepicker "^3.1.0"

"@abp/bootstrap@~9.0.6":
  version "9.0.6"
  resolved "https://registry.yarnpkg.com/@abp/bootstrap/-/bootstrap-9.0.6.tgz#a870c1c8cb8456a16f49d3437b2c4741d369f488"
  integrity sha512-2nHND/2wBXrhGXiehputyuhR6ySC3BgUJgZHWwTtxNCCNeswIfyznYYwVVznd/bkrFk2suaACXnw81ngS7smog==
  dependencies:
    "@abp/core" "~9.0.6"
    bootstrap "^5.3.3"

"@abp/core@~9.0.6":
  version "9.0.6"
  resolved "https://registry.yarnpkg.com/@abp/core/-/core-9.0.6.tgz#a0e26471c649c77c8ee335792ec9837c8a4ae060"
  integrity sha512-6W0Y8wF6KauYKQLv4uHcInTIljNrSQB1tJJfZXMCEybWNc+xQqJKrlFZvoLfCAWwbmEuxl0T6YvEH7vjfhcf8g==
  dependencies:
    "@abp/utils" "~9.0.6"

"@abp/datatables.net-bs5@~9.0.6":
  version "9.0.6"
  resolved "https://registry.yarnpkg.com/@abp/datatables.net-bs5/-/datatables.net-bs5-9.0.6.tgz#db88bf4b1e5ba482d852efa1c3c3f2a5e04c83ea"
  integrity sha512-fs/WpNeD9WptubNRjt7xoqvdmvMn053hdbrXKJdAM/3gXYDOuKv+DjOjVswyFnoPi1CrSeutLJMLoVAd5/aP1w==
  dependencies:
    "@abp/datatables.net" "~9.0.6"
    datatables.net-bs5 "^2.1.8"

"@abp/datatables.net@~9.0.6":
  version "9.0.6"
  resolved "https://registry.yarnpkg.com/@abp/datatables.net/-/datatables.net-9.0.6.tgz#31f5de1076d38b0875b397e7cbd971b4c120952c"
  integrity sha512-niSjlmy+toRjG1g2tYB9HRKh1Be9RQaPDH8gcVyy1HZdLt7OL4CFuVUqYAU3R0y4Yj47t+7Rp/vocQpinyisgA==
  dependencies:
    "@abp/jquery" "~9.0.6"
    datatables.net "^2.1.8"

"@abp/font-awesome@~9.0.6":
  version "9.0.6"
  resolved "https://registry.yarnpkg.com/@abp/font-awesome/-/font-awesome-9.0.6.tgz#e9f1eb52dff85d550284c91e87acec20c8ac4380"
  integrity sha512-qKMZFl9o6Gcdm7t1lVwhR21fBl5qcRzDUcN5ZhX8wsrG2iFd6Dc28D/l+Wi+n6KRugCbG4Y1qyDjQ10IY3Zggg==
  dependencies:
    "@abp/core" "~9.0.6"
    "@fortawesome/fontawesome-free" "^6.6.0"

"@abp/jquery-form@~9.0.6":
  version "9.0.6"
  resolved "https://registry.yarnpkg.com/@abp/jquery-form/-/jquery-form-9.0.6.tgz#db41ef36ba34aaa93f45a24118bbcc754521212a"
  integrity sha512-GKcV/fubdTGU6x2DlTKlE6uT5o8YxCw4OAB12+ZWfckUdyVHTizOqWSy3nLKAsA0XLXjxXdSc3Lvp2W16ddbeg==
  dependencies:
    "@abp/jquery" "~9.0.6"
    jquery-form "^4.3.0"

"@abp/jquery-validation-unobtrusive@~9.0.6":
  version "9.0.6"
  resolved "https://registry.yarnpkg.com/@abp/jquery-validation-unobtrusive/-/jquery-validation-unobtrusive-9.0.6.tgz#446e9d95f79fd313a69d9b7bd495a33a1cdd63a4"
  integrity sha512-vt/lwmmgxhl9BGzc/wRLToovvQ1qRw5LkzOdqktb2bXHPRYKzWp1wFwK5jPdCfdXIvFWcUP9rjgddFY6cNJafQ==
  dependencies:
    "@abp/jquery-validation" "~9.0.6"
    jquery-validation-unobtrusive "^4.0.0"

"@abp/jquery-validation@~9.0.6":
  version "9.0.6"
  resolved "https://registry.yarnpkg.com/@abp/jquery-validation/-/jquery-validation-9.0.6.tgz#92006bdc9c2d007199403a424004032569e01019"
  integrity sha512-sGT2INWSA2ChMmUpNOGDbaSEjKrfx/oxch7OD5mb17b8KTGPBHAC+N2e7YX1QYCiUeqVyF22OG1EHXmcTQM1wQ==
  dependencies:
    "@abp/jquery" "~9.0.6"
    jquery-validation "^1.21.0"

"@abp/jquery@~9.0.6":
  version "9.0.6"
  resolved "https://registry.yarnpkg.com/@abp/jquery/-/jquery-9.0.6.tgz#911063af74c25d584e63d37d31eef65f5c2e4d1a"
  integrity sha512-cMqkOHocWBepegqpgLTDCk4GWgUHVsas1p07qCe+zg3vU1yMQYLH4QTifeymOoYf0vbPqykjsvqwBsLXSx/LkA==
  dependencies:
    "@abp/core" "~9.0.6"
    jquery "~3.7.1"

"@abp/lodash@~9.0.6":
  version "9.0.6"
  resolved "https://registry.yarnpkg.com/@abp/lodash/-/lodash-9.0.6.tgz#2c5f2c83ec7f85c1d76deaab7b06d785a679af3d"
  integrity sha512-k6gjTgO/zHDKhXOWFcMGwOc+d28jD7yOgtExWOCGOoL0eizZOOPLaolwATKEYmcIIQxb77MceLkojdp6EvVIiQ==
  dependencies:
    "@abp/core" "~9.0.6"
    lodash "^4.17.21"

"@abp/luxon@~9.0.6":
  version "9.0.6"
  resolved "https://registry.yarnpkg.com/@abp/luxon/-/luxon-9.0.6.tgz#d82578bed7665509780e2ca1059421fb5be8a381"
  integrity sha512-fyFHZC2tckpf4VP+2h0IKGMydmKK/CqT/3/grlMowUpXv7xz4LDWvAgzMFwdwgXZ0xIXbbz2XBZDsi8TgjIf7Q==
  dependencies:
    "@abp/core" "~9.0.6"
    luxon "^3.5.0"

"@abp/malihu-custom-scrollbar-plugin@~9.0.6":
  version "9.0.6"
  resolved "https://registry.yarnpkg.com/@abp/malihu-custom-scrollbar-plugin/-/malihu-custom-scrollbar-plugin-9.0.6.tgz#73dac236ee33486ccf75c605f75ff2434195fd52"
  integrity sha512-5kRs1ZGYYL1FMKMhSMmGaqiNpjGwkO+4lT2J0Mxzn0q/AGS9zoGc9UnUfDMlCC655D05M2/zXZtZg+1CjEKmaw==
  dependencies:
    "@abp/core" "~9.0.6"
    malihu-custom-scrollbar-plugin "^3.1.5"

"@abp/moment@~9.0.6":
  version "9.0.6"
  resolved "https://registry.yarnpkg.com/@abp/moment/-/moment-9.0.6.tgz#923764d302a7680d3651aecf8c883f9285e7e11c"
  integrity sha512-x00ehJI16pBL6g2ucV/z9ub20uydCpNnfGpx9mbfQQ5W2yBFYvnRGL4NuWVclS8C2F0tcazU0+zrwtmZ3bfYrg==
  dependencies:
    moment "^2.30.1"

"@abp/select2@~9.0.6":
  version "9.0.6"
  resolved "https://registry.yarnpkg.com/@abp/select2/-/select2-9.0.6.tgz#f7e3c8449ca2162b116c219980172fda8cc5dcfd"
  integrity sha512-XvmioLz2hBQ/adrbkT20YhBCpJXU0/p5BQN6QdbEymKGUTmtL7a+2D6KeKFdUgrg9N16AXRw8HT37r4E55eCmw==
  dependencies:
    "@abp/core" "~9.0.6"
    select2 "^4.0.13"

"@abp/sweetalert2@~9.0.6":
  version "9.0.6"
  resolved "https://registry.yarnpkg.com/@abp/sweetalert2/-/sweetalert2-9.0.6.tgz#6068eafe252fd69e9e3cfa5a3a979807b444b9c5"
  integrity sha512-trEQocYPp9P9c4POmG4hr8Sg+y0eX4a+ou7WrZPvCjGsWKiDHVjocuiuHscgghBvRWgufMhm6/l5twLgrie3Fw==
  dependencies:
    "@abp/core" "~9.0.6"
    sweetalert2 "^11.14.1"

"@abp/timeago@~9.0.6":
  version "9.0.6"
  resolved "https://registry.yarnpkg.com/@abp/timeago/-/timeago-9.0.6.tgz#9297ded6306028751758091810ea1f7438c33ea2"
  integrity sha512-mcLVlePtMQ57ILjCiPaWMs1Y4RCgIC73qETVW/ps1Hxy0T+6Hsc8+eTpTZyYY8pRobs0w7fghe8rwoP7k4SkBQ==
  dependencies:
    "@abp/jquery" "~9.0.6"
    timeago "^1.6.7"

"@abp/toastr@~9.0.6":
  version "9.0.6"
  resolved "https://registry.yarnpkg.com/@abp/toastr/-/toastr-9.0.6.tgz#9fd2f0d589931c514ad0104568c1527b71a59fe8"
  integrity sha512-f0KNKb/3M/Q7r9LfXXP9pvBdBUyCcQzEKnp5Ka3i3jndtFLE1RQ7MBqXcYOW6aXNBOWacQ0aYqEhxzBHEOgs1g==
  dependencies:
    "@abp/jquery" "~9.0.6"
    toastr "^2.1.4"

"@abp/utils@~9.0.6":
  version "9.0.6"
  resolved "https://registry.yarnpkg.com/@abp/utils/-/utils-9.0.6.tgz#3c43672fbee1953df6923dbcd4328f92c160eb27"
  integrity sha512-b1f49ZKNRVOa6fydkgrgVb4UAi3DUMz5Cq/V6/6XuQTzsSV+SgSz6CQa8xGQMkn6goXh8l6Q+sabX+X94nVmXw==
  dependencies:
    just-compare "^2.3.0"

"@fortawesome/fontawesome-free@^6.6.0":
  version "6.7.2"
  resolved "https://registry.yarnpkg.com/@fortawesome/fontawesome-free/-/fontawesome-free-6.7.2.tgz#8249de9b7e22fcb3ceb5e66090c30a1d5492b81a"
  integrity sha512-JUOtgFW6k9u4Y+xeIaEiLr3+cjoUPiAuLXoyKOJSia6Duzb7pq+A76P9ZdPDoAoxHdHzq6gE9/jKBGXlZT8FbA==

ansi-colors@^4.1.3:
  version "4.1.3"
  resolved "https://registry.yarnpkg.com/ansi-colors/-/ansi-colors-4.1.3.tgz#37611340eb2243e70cc604cad35d63270d48781b"
  integrity sha512-/6w/C21Pm1A7aZitlI5Ni/2J6FFQN8i1Cvz3kHABAAbw93v/NlvKdVOqz7CCWz/3iv/JplRSEEZ83XION15ovw==

bootstrap-datepicker@^1.10.0:
  version "1.10.0"
  resolved "https://registry.yarnpkg.com/bootstrap-datepicker/-/bootstrap-datepicker-1.10.0.tgz#61612bbe8bf0a69a5bce32bbcdda93ebb6ccf24a"
  integrity sha512-lWxtSYddAQOpbAO8UhYhHLcK6425eWoSjb5JDvZU3ePHEPF6A3eUr51WKaFy4PccU19JRxUG6wEU3KdhtKfvpg==
  dependencies:
    jquery ">=3.4.0 <4.0.0"

bootstrap-daterangepicker@^3.1.0:
  version "3.1.0"
  resolved "https://registry.yarnpkg.com/bootstrap-daterangepicker/-/bootstrap-daterangepicker-3.1.0.tgz#632e6fb2de4b6360c5c0a9d5f6adb9aace051fe8"
  integrity sha512-oaQZx6ZBDo/dZNyXGVi2rx5GmFXThyQLAxdtIqjtLlYVaQUfQALl5JZMJJZzyDIX7blfy4ppZPAJ10g8Ma4d/g==
  dependencies:
    jquery ">=1.10"
    moment "^2.9.0"

bootstrap@^5.3.3:
  version "5.3.3"
  resolved "https://registry.yarnpkg.com/bootstrap/-/bootstrap-5.3.3.tgz#de35e1a765c897ac940021900fcbb831602bac38"
  integrity sha512-8HLCdWgyoMguSO9o+aH+iuZ+aht+mzW0u3HIMzVu7Srrpv7EBBxTnrFlSCskwdY1+EOFQSm7uMJhNQHkdPcmjg==

datatables.net-bs5@^2.1.8:
  version "2.2.2"
  resolved "https://registry.yarnpkg.com/datatables.net-bs5/-/datatables.net-bs5-2.2.2.tgz#2d23183f6d9892a5518be9d33ef845935d859dba"
  integrity sha512-0mAbpUf0EpnIEc0RlN6vSrSk9y/+NuReiwDpjHYY3RfzdvH6Lt0+7Q9OU5RIbYxaFxES/z60thxdrw7IUFnBhw==
  dependencies:
    datatables.net "2.2.2"
    jquery ">=1.7"

datatables.net@2.2.2, datatables.net@^2.1.8:
  version "2.2.2"
  resolved "https://registry.yarnpkg.com/datatables.net/-/datatables.net-2.2.2.tgz#de45c9ef18775499481ffdae81a8de6a10d264a0"
  integrity sha512-gfODIKE3gpgbVeZy2QGj2Dq9roO6hy00S+k1knklrqlMyAMrh1wt0Q6ryBUM7gU96U77ysbq8dYhxFdmcC/oPQ==
  dependencies:
    jquery ">=1.7"

jquery-form@^4.3.0:
  version "4.3.0"
  resolved "https://registry.yarnpkg.com/jquery-form/-/jquery-form-4.3.0.tgz#7d3961c314a1f2d15298f4af1d3943f54f4149c6"
  integrity sha512-q3uaVCEWdLOYUCI6dpNdwf/7cJFOsUgdpq6r0taxtGQ5NJSkOzofyWm4jpOuJ5YxdmL1FI5QR+q+HB63HHLGnQ==
  dependencies:
    jquery ">=1.7.2"

jquery-mousewheel@>=3.0.6:
  version "3.1.13"
  resolved "https://registry.yarnpkg.com/jquery-mousewheel/-/jquery-mousewheel-3.1.13.tgz#06f0335f16e353a695e7206bf50503cb523a6ee5"
  integrity sha512-GXhSjfOPyDemM005YCEHvzrEALhKDIswtxSHSR2e4K/suHVJKJxxRCGz3skPjNxjJjQa9AVSGGlYjv1M3VLIPg==

jquery-validation-unobtrusive@^4.0.0:
  version "4.0.0"
  resolved "https://registry.yarnpkg.com/jquery-validation-unobtrusive/-/jquery-validation-unobtrusive-4.0.0.tgz#dfcf25a558496a2c883db6021d10f5398d15f99d"
  integrity sha512-1ervYFFv6LX/rp7ktuLnMakHNG0piNRDyROI8Ir3hL1vPIwylAehB1AY3BPrYJnzW3WmwWryZq+Bz4sazZK9iQ==
  dependencies:
    jquery "^3.6.0"
    jquery-validation ">=1.19"

jquery-validation@>=1.19, jquery-validation@^1.21.0:
  version "1.21.0"
  resolved "https://registry.yarnpkg.com/jquery-validation/-/jquery-validation-1.21.0.tgz#78fc05ab76020912a246af3661b3f54a438bca93"
  integrity sha512-xNot0rlUIgu7duMcQ5qb6MGkGL/Z1PQaRJQoZAURW9+a/2PGOUxY36o/WyNeP2T9R6jvWB8Z9lUVvvQWI/Zs5w==

jquery@>=1.10, jquery@>=1.12.0, "jquery@>=1.5.0 <4.0", jquery@>=1.7, jquery@>=1.7.2, "jquery@>=3.4.0 <4.0.0", jquery@^3.6.0, jquery@~3.7.1:
  version "3.7.1"
  resolved "https://registry.yarnpkg.com/jquery/-/jquery-3.7.1.tgz#083ef98927c9a6a74d05a6af02806566d16274de"
  integrity sha512-m4avr8yL8kmFN8psrbFFFmB/If14iN5o9nw/NgnnM+kybDJpRsAynV2BsfpTYrTRysYUdADVD7CkUUizgkpLfg==

just-compare@^2.3.0:
  version "2.3.0"
  resolved "https://registry.yarnpkg.com/just-compare/-/just-compare-2.3.0.tgz#a2adcc1d1940536263275f5a1ef1298bcacfeda7"
  integrity sha512-6shoR7HDT+fzfL3gBahx1jZG3hWLrhPAf+l7nCwahDdT9XDtosB9kIF0ZrzUp5QY8dJWfQVr5rnsPqsbvflDzg==

lodash@^4.17.21:
  version "4.17.21"
  resolved "https://registry.yarnpkg.com/lodash/-/lodash-4.17.21.tgz#679591c564c3bffaae8454cf0b3df370c3d6911c"
  integrity sha512-v2kDEe57lecTulaDIuNTPy3Ry4gLGJ6Z1O3vE1krgXZNrsQ+LFTGHVxVjcXPs17LhbZVGedAJv8XZ1tvj5FvSg==

luxon@^3.5.0:
  version "3.5.0"
  resolved "https://registry.yarnpkg.com/luxon/-/luxon-3.5.0.tgz#6b6f65c5cd1d61d1fd19dbf07ee87a50bf4b8e20"
  integrity sha512-rh+Zjr6DNfUYR3bPwJEnuwDdqMbxZW7LOQfUN4B54+Cl+0o5zaU9RJ6bcidfDtC1cWCZXQ+nvX8bf6bAji37QQ==

malihu-custom-scrollbar-plugin@^3.1.5:
  version "3.1.5"
  resolved "https://registry.yarnpkg.com/malihu-custom-scrollbar-plugin/-/malihu-custom-scrollbar-plugin-3.1.5.tgz#310cecc5e59415a1c29e9dfb5d2b6e01d66a29ef"
  integrity sha512-lwW3LgI+CNDMPnP4ED2la6oYxWMkCXlnhex+s2wuOLhFDFGnGmQuTQVdRK9bvDLpxs10sGlfErVufJy9ztfgJQ==
  dependencies:
    jquery-mousewheel ">=3.0.6"

moment@^2.30.1, moment@^2.9.0:
  version "2.30.1"
  resolved "https://registry.yarnpkg.com/moment/-/moment-2.30.1.tgz#f8c91c07b7a786e30c59926df530b4eac96974ae"
  integrity sha512-uEmtNhbDOrWPFS+hdjFCBfy9f2YoyzRpwcl+DqpC6taX21FzsTLQVbMV/W7PzNSX6x/bhC1zA3c2UQ5NzH6how==

select2@^4.0.13:
  version "4.0.13"
  resolved "https://registry.yarnpkg.com/select2/-/select2-4.0.13.tgz#0dbe377df3f96167c4c1626033e924372d8ef44d"
  integrity sha512-1JeB87s6oN/TDxQQYCvS5EFoQyvV6eYMZZ0AeA4tdFDYWN3BAGZ8npr17UBFddU0lgAt3H0yjX3X6/ekOj1yjw==

sweetalert2@^11.14.1:
  version "11.17.2"
  resolved "https://registry.yarnpkg.com/sweetalert2/-/sweetalert2-11.17.2.tgz#a11852713c8eea274d9e1d233522322cc63cf5be"
  integrity sha512-HKxDr1IyV3Lxr3W6sb61qm/p2epFIEdr5EKwteRFHnIg6f8nHFl2kX++DBVz16Mac+fFiU3hMpjq1L6yE2Ge5w==

timeago@^1.6.7:
  version "1.6.7"
  resolved "https://registry.yarnpkg.com/timeago/-/timeago-1.6.7.tgz#afd467c29a911e697fc22a81888c7c3022783cb5"
  integrity sha512-FikcjN98+ij0siKH4VO4dZ358PR3oDDq4Vdl1+sN9gWz1/+JXGr3uZbUShYH/hL7bMhcTpPbplJU5Tej4b4jbQ==
  dependencies:
    jquery ">=1.5.0 <4.0"

toastr@^2.1.4:
  version "2.1.4"
  resolved "https://registry.yarnpkg.com/toastr/-/toastr-2.1.4.tgz#8b43be64fb9d0c414871446f2db8e8ca4e95f181"
  integrity sha512-LIy77F5n+sz4tefMmFOntcJ6HL0Fv3k1TDnNmFZ0bU/GcvIIfy6eG2v7zQmMiYgaalAiUv75ttFrPn5s0gyqlA==
  dependencies:
    jquery ">=1.12.0"
